// !$*UTF8*$!
{
	archiveVersion = 1;
	classes = {
	};
	objectVersion = 50;
	objects = {

/* Begin PBXBuildFile section */
		FBC26AE623C9CDF800ADFD96 /* AppDelegate.m in Sources */ = {isa = PBXBuildFile; fileRef = FBC26AE523C9CDF800ADFD96 /* AppDelegate.m */; };
		FBC26AF123C9CDF900ADFD96 /* Assets.xcassets in Resources */ = {isa = PBXBuildFile; fileRef = FBC26AF023C9CDF900ADFD96 /* Assets.xcassets */; };
		FBC26AF423C9CDF900ADFD96 /* LaunchScreen.storyboard in Resources */ = {isa = PBXBuildFile; fileRef = FBC26AF223C9CDF900ADFD96 /* LaunchScreen.storyboard */; };
		FBC26AF723C9CDF900ADFD96 /* main.m in Sources */ = {isa = PBXBuildFile; fileRef = FBC26AF623C9CDF900ADFD96 /* main.m */; };
		FBC26B2123C9CF0500ADFD96 /* UserViewPresenter.m in Sources */ = {isa = PBXBuildFile; fileRef = FBC26B1223C9CF0500ADFD96 /* UserViewPresenter.m */; };
		FBC26B2223C9CF0500ADFD96 /* UserModel.m in Sources */ = {isa = PBXBuildFile; fileRef = FBC26B1723C9CF0500ADFD96 /* UserModel.m */; };
		FBC26B2323C9CF0500ADFD96 /* ViewController.m in Sources */ = {isa = PBXBuildFile; fileRef = FBC26B1B23C9CF0500ADFD96 /* ViewController.m */; };
		FBC26B2423C9CF0500ADFD96 /* UserViewTableViewCell.m in Sources */ = {isa = PBXBuildFile; fileRef = FBC26B1C23C9CF0500ADFD96 /* UserViewTableViewCell.m */; };
		FBC26B2523C9CF0500ADFD96 /* UserService.m in Sources */ = {isa = PBXBuildFile; fileRef = FBC26B1F23C9CF0500ADFD96 /* UserService.m */; };
/* End PBXBuildFile section */

/* Begin PBXFileReference section */
		FBC26AE123C9CDF800ADFD96 /* MVPS-Demo2.app */ = {isa = PBXFileReference; explicitFileType = wrapper.application; includeInIndex = 0; path = "MVPS-Demo2.app"; sourceTree = BUILT_PRODUCTS_DIR; };
		FBC26AE423C9CDF800ADFD96 /* AppDelegate.h */ = {isa = PBXFileReference; lastKnownFileType = sourcecode.c.h; path = AppDelegate.h; sourceTree = "<group>"; };
		FBC26AE523C9CDF800ADFD96 /* AppDelegate.m */ = {isa = PBXFileReference; lastKnownFileType = sourcecode.c.objc; path = AppDelegate.m; sourceTree = "<group>"; };
		FBC26AF023C9CDF900ADFD96 /* Assets.xcassets */ = {isa = PBXFileReference; lastKnownFileType = folder.assetcatalog; path = Assets.xcassets; sourceTree = "<group>"; };
		FBC26AF323C9CDF900ADFD96 /* Base */ = {isa = PBXFileReference; lastKnownFileType = file.storyboard; name = Base; path = Base.lproj/LaunchScreen.storyboard; sourceTree = "<group>"; };
		FBC26AF523C9CDF900ADFD96 /* Info.plist */ = {isa = PBXFileReference; lastKnownFileType = text.plist.xml; path = Info.plist; sourceTree = "<group>"; };
		FBC26AF623C9CDF900ADFD96 /* main.m */ = {isa = PBXFileReference; lastKnownFileType = sourcecode.c.objc; path = main.m; sourceTree = "<group>"; };
		FBC26B1223C9CF0500ADFD96 /* UserViewPresenter.m */ = {isa = PBXFileReference; fileEncoding = 4; lastKnownFileType = sourcecode.c.objc; path = UserViewPresenter.m; sourceTree = "<group>"; };
		FBC26B1323C9CF0500ADFD96 /* UserViewPresenter.h */ = {isa = PBXFileReference; fileEncoding = 4; lastKnownFileType = sourcecode.c.h; path = UserViewPresenter.h; sourceTree = "<group>"; };
		FBC26B1723C9CF0500ADFD96 /* UserModel.m */ = {isa = PBXFileReference; fileEncoding = 4; lastKnownFileType = sourcecode.c.objc; path = UserModel.m; sourceTree = "<group>"; };
		FBC26B1823C9CF0500ADFD96 /* UserModel.h */ = {isa = PBXFileReference; fileEncoding = 4; lastKnownFileType = sourcecode.c.h; path = UserModel.h; sourceTree = "<group>"; };
		FBC26B1A23C9CF0500ADFD96 /* UserViewTableViewCell.h */ = {isa = PBXFileReference; fileEncoding = 4; lastKnownFileType = sourcecode.c.h; path = UserViewTableViewCell.h; sourceTree = "<group>"; };
		FBC26B1B23C9CF0500ADFD96 /* ViewController.m */ = {isa = PBXFileReference; fileEncoding = 4; lastKnownFileType = sourcecode.c.objc; path = ViewController.m; sourceTree = "<group>"; };
		FBC26B1C23C9CF0500ADFD96 /* UserViewTableViewCell.m */ = {isa = PBXFileReference; fileEncoding = 4; lastKnownFileType = sourcecode.c.objc; path = UserViewTableViewCell.m; sourceTree = "<group>"; };
		FBC26B1D23C9CF0500ADFD96 /* ViewController.h */ = {isa = PBXFileReference; fileEncoding = 4; lastKnownFileType = sourcecode.c.h; path = ViewController.h; sourceTree = "<group>"; };
		FBC26B1F23C9CF0500ADFD96 /* UserService.m */ = {isa = PBXFileReference; fileEncoding = 4; lastKnownFileType = sourcecode.c.objc; path = UserService.m; sourceTree = "<group>"; };
		FBC26B2023C9CF0500ADFD96 /* UserService.h */ = {isa = PBXFileReference; fileEncoding = 4; lastKnownFileType = sourcecode.c.h; path = UserService.h; sourceTree = "<group>"; };
/* End PBXFileReference section */

/* Begin PBXFrameworksBuildPhase section */
		FBC26ADE23C9CDF800ADFD96 /* Frameworks */ = {
			isa = PBXFrameworksBuildPhase;
			buildActionMask = 2147483647;
			files = (
			);
			runOnlyForDeploymentPostprocessing = 0;
		};
/* End PBXFrameworksBuildPhase section */

/* Begin PBXGroup section */
		FBC26AD823C9CDF800ADFD96 = {
			isa = PBXGroup;
			children = (
				FBC26AE323C9CDF800ADFD96 /* MVPS-Demo2 */,
				FBC26AE223C9CDF800ADFD96 /* Products */,
			);
			sourceTree = "<group>";
		};
		FBC26AE223C9CDF800ADFD96 /* Products */ = {
			isa = PBXGroup;
			children = (
				FBC26AE123C9CDF800ADFD96 /* MVPS-Demo2.app */,
			);
			name = Products;
			sourceTree = "<group>";
		};
		FBC26AE323C9CDF800ADFD96 /* MVPS-Demo2 */ = {
			isa = PBXGroup;
			children = (
				FBC26B1023C9CF0500ADFD96 /* ModuleOne */,
				FBC26AE423C9CDF800ADFD96 /* AppDelegate.h */,
				FBC26AE523C9CDF800ADFD96 /* AppDelegate.m */,
				FBC26AF023C9CDF900ADFD96 /* Assets.xcassets */,
				FBC26AF223C9CDF900ADFD96 /* LaunchScreen.storyboard */,
				FBC26AF523C9CDF900ADFD96 /* Info.plist */,
				FBC26AF623C9CDF900ADFD96 /* main.m */,
			);
			path = "MVPS-Demo2";
			sourceTree = "<group>";
		};
		FBC26B1023C9CF0500ADFD96 /* ModuleOne */ = {
			isa = PBXGroup;
			children = (
				FBC26B1123C9CF0500ADFD96 /* Present */,
				FBC26B1623C9CF0500ADFD96 /* Model */,
				FBC26B1923C9CF0500ADFD96 /* View */,
				FBC26B1E23C9CF0500ADFD96 /* Service */,
			);
			path = ModuleOne;
			sourceTree = "<group>";
		};
		FBC26B1123C9CF0500ADFD96 /* Present */ = {
			isa = PBXGroup;
			children = (
				FBC26B1223C9CF0500ADFD96 /* UserViewPresenter.m */,
				FBC26B1323C9CF0500ADFD96 /* UserViewPresenter.h */,
			);
			path = Present;
			sourceTree = "<group>";
		};
		FBC26B1623C9CF0500ADFD96 /* Model */ = {
			isa = PBXGroup;
			children = (
				FBC26B1723C9CF0500ADFD96 /* UserModel.m */,
				FBC26B1823C9CF0500ADFD96 /* UserModel.h */,
			);
			path = Model;
			sourceTree = "<group>";
		};
		FBC26B1923C9CF0500ADFD96 /* View */ = {
			isa = PBXGroup;
			children = (
				FBC26B1A23C9CF0500ADFD96 /* UserViewTableViewCell.h */,
				FBC26B1C23C9CF0500ADFD96 /* UserViewTableViewCell.m */,
				FBC26B1B23C9CF0500ADFD96 /* ViewController.m */,
				FBC26B1D23C9CF0500ADFD96 /* ViewController.h */,
			);
			path = View;
			sourceTree = "<group>";
		};
		FBC26B1E23C9CF0500ADFD96 /* Service */ = {
			isa = PBXGroup;
			children = (
				FBC26B1F23C9CF0500ADFD96 /* UserService.m */,
				FBC26B2023C9CF0500ADFD96 /* UserService.h */,
			);
			path = Service;
			sourceTree = "<group>";
		};
/* End PBXGroup section */

/* Begin PBXNativeTarget section */
		FBC26AE023C9CDF800ADFD96 /* MVPS-Demo2 */ = {
			isa = PBXNativeTarget;
			buildConfigurationList = FBC26AFA23C9CDF900ADFD96 /* Build configuration list for PBXNativeTarget "MVPS-Demo2" */;
			buildPhases = (
				FBC26ADD23C9CDF800ADFD96 /* Sources */,
				FBC26ADE23C9CDF800ADFD96 /* Frameworks */,
				FBC26ADF23C9CDF800ADFD96 /* Resources */,
			);
			buildRules = (
			);
			dependencies = (
			);
			name = "MVPS-Demo2";
			productName = "MVPS-Demo2";
			productReference = FBC26AE123C9CDF800ADFD96 /* MVPS-Demo2.app */;
			productType = "com.apple.product-type.application";
		};
/* End PBXNativeTarget section */

/* Begin PBXProject section */
		FBC26AD923C9CDF800ADFD96 /* Project object */ = {
			isa = PBXProject;
			attributes = {
				LastUpgradeCheck = 1120;
				ORGANIZATIONNAME = "史贵岭";
				TargetAttributes = {
					FBC26AE023C9CDF800ADFD96 = {
						CreatedOnToolsVersion = 11.2.1;
					};
				};
			};
			buildConfigurationList = FBC26ADC23C9CDF800ADFD96 /* Build configuration list for PBXProject "MVPS-Demo2" */;
			compatibilityVersion = "Xcode 9.3";
			developmentRegion = en;
			hasScannedForEncodings = 0;
			knownRegions = (
				en,
				Base,
			);
			mainGroup = FBC26AD823C9CDF800ADFD96;
			productRefGroup = FBC26AE223C9CDF800ADFD96 /* Products */;
			projectDirPath = "";
			projectRoot = "";
			targets = (
				FBC26AE023C9CDF800ADFD96 /* MVPS-Demo2 */,
			);
		};
/* End PBXProject section */

/* Begin PBXResourcesBuildPhase section */
		FBC26ADF23C9CDF800ADFD96 /* Resources */ = {
			isa = PBXResourcesBuildPhase;
			buildActionMask = 2147483647;
			files = (
				FBC26AF423C9CDF900ADFD96 /* LaunchScreen.storyboard in Resources */,
				FBC26AF123C9CDF900ADFD96 /* Assets.xcassets in Resources */,
			);
			runOnlyForDeploymentPostprocessing = 0;
		};
/* End PBXResourcesBuildPhase section */

/* Begin PBXSourcesBuildPhase section */
		FBC26ADD23C9CDF800ADFD96 /* Sources */ = {
			isa = PBXSourcesBuildPhase;
			buildActionMask = 2147483647;
			files = (
				FBC26B2123C9CF0500ADFD96 /* UserViewPresenter.m in Sources */,
				FBC26AE623C9CDF800ADFD96 /* AppDelegate.m in Sources */,
				FBC26B2523C9CF0500ADFD96 /* UserService.m in Sources */,
				FBC26B2223C9CF0500ADFD96 /* UserModel.m in Sources */,
				FBC26AF723C9CDF900ADFD96 /* main.m in Sources */,
				FBC26B2323C9CF0500ADFD96 /* ViewController.m in Sources */,
				FBC26B2423C9CF0500ADFD96 /* UserViewTableViewCell.m in Sources */,
			);
			runOnlyForDeploymentPostprocessing = 0;
		};
/* End PBXSourcesBuildPhase section */

/* Begin PBXVariantGroup section */
		FBC26AF223C9CDF900ADFD96 /* LaunchScreen.storyboard */ = {
			isa = PBXVariantGroup;
			children = (
				FBC26AF323C9CDF900ADFD96 /* Base */,
			);
			name = LaunchScreen.storyboard;
			sourceTree = "<group>";
		};
/* End PBXVariantGroup section */

/* Begin XCBuildConfiguration section */
		FBC26AF823C9CDF900ADFD96 /* Debug */ = {
			isa = XCBuildConfiguration;
			buildSettings = {
				ALWAYS_SEARCH_USER_PATHS = NO;
				CLANG_ANALYZER_NONNULL = YES;
				CLANG_ANALYZER_NUMBER_OBJECT_CONVERSION = YES_AGGRESSIVE;
				CLANG_CXX_LANGUAGE_STANDARD = "gnu++14";
				CLANG_CXX_LIBRARY = "libc++";
				CLANG_ENABLE_MODULES = YES;
				CLANG_ENABLE_OBJC_ARC = YES;
				CLANG_ENABLE_OBJC_WEAK = YES;
				CLANG_WARN_BLOCK_CAPTURE_AUTORELEASING = YES;
				CLANG_WARN_BOOL_CONVERSION = YES;
				CLANG_WARN_COMMA = YES;
				CLANG_WARN_CONSTANT_CONVERSION = YES;
				CLANG_WARN_DEPRECATED_OBJC_IMPLEMENTATIONS = YES;
				CLANG_WARN_DIRECT_OBJC_ISA_USAGE = YES_ERROR;
				CLANG_WARN_DOCUMENTATION_COMMENTS = YES;
				CLANG_WARN_EMPTY_BODY = YES;
				CLANG_WARN_ENUM_CONVERSION = YES;
				CLANG_WARN_INFINITE_RECURSION = YES;
				CLANG_WARN_INT_CONVERSION = YES;
				CLANG_WARN_NON_LITERAL_NULL_CONVERSION = YES;
				CLANG_WARN_OBJC_IMPLICIT_RETAIN_SELF = YES;
				CLANG_WARN_OBJC_LITERAL_CONVERSION = YES;
				CLANG_WARN_OBJC_ROOT_CLASS = YES_ERROR;
				CLANG_WARN_RANGE_LOOP_ANALYSIS = YES;
				CLANG_WARN_STRICT_PROTOTYPES = YES;
				CLANG_WARN_SUSPICIOUS_MOVE = YES;
				CLANG_WARN_UNGUARDED_AVAILABILITY = YES_AGGRESSIVE;
				CLANG_WARN_UNREACHABLE_CODE = YES;
				CLANG_WARN__DUPLICATE_METHOD_MATCH = YES;
				COPY_PHASE_STRIP = NO;
				DEBUG_INFORMATION_FORMAT = dwarf;
				ENABLE_STRICT_OBJC_MSGSEND = YES;
				ENABLE_TESTABILITY = YES;
				GCC_C_LANGUAGE_STANDARD = gnu11;
				GCC_DYNAMIC_NO_PIC = NO;
				GCC_NO_COMMON_BLOCKS = YES;
				GCC_OPTIMIZATION_LEVEL = 0;
				GCC_PREPROCESSOR_DEFINITIONS = (
					"DEBUG=1",
					"$(inherited)",
				);
				GCC_WARN_64_TO_32_BIT_CONVERSION = YES;
				GCC_WARN_ABOUT_RETURN_TYPE = YES_ERROR;
				GCC_WARN_UNDECLARED_SELECTOR = YES;
				GCC_WARN_UNINITIALIZED_AUTOS = YES_AGGRESSIVE;
				GCC_WARN_UNUSED_FUNCTION = YES;
				GCC_WARN_UNUSED_VARIABLE = YES;
				IPHONEOS_DEPLOYMENT_TARGET = 9.0;
				MTL_ENABLE_DEBUG_INFO = INCLUDE_SOURCE;
				MTL_FAST_MATH = YES;
				ONLY_ACTIVE_ARCH = YES;
				SDKROOT = iphoneos;
			};
			name = Debug;
		};
		FBC26AF923C9CDF900ADFD96 /* Release */ = {
			isa = XCBuildConfiguration;
			buildSettings = {
				ALWAYS_SEARCH_USER_PATHS = NO;
				CLANG_ANALYZER_NONNULL = YES;
				CLANG_ANALYZER_NUMBER_OBJECT_CONVERSION = YES_AGGRESSIVE;
				CLANG_CXX_LANGUAGE_STANDARD = "gnu++14";
				CLANG_CXX_LIBRARY = "libc++";
				CLANG_ENABLE_MODULES = YES;
				CLANG_ENABLE_OBJC_ARC = YES;
				CLANG_ENABLE_OBJC_WEAK = YES;
				CLANG_WARN_BLOCK_CAPTURE_AUTORELEASING = YES;
				CLANG_WARN_BOOL_CONVERSION = YES;
				CLANG_WARN_COMMA = YES;
				CLANG_WARN_CONSTANT_CONVERSION = YES;
				CLANG_WARN_DEPRECATED_OBJC_IMPLEMENTATIONS = YES;
				CLANG_WARN_DIRECT_OBJC_ISA_USAGE = YES_ERROR;
				CLANG_WARN_DOCUMENTATION_COMMENTS = YES;
				CLANG_WARN_EMPTY_BODY = YES;
				CLANG_WARN_ENUM_CONVERSION = YES;
				CLANG_WARN_INFINITE_RECURSION = YES;
				CLANG_WARN_INT_CONVERSION = YES;
				CLANG_WARN_NON_LITERAL_NULL_CONVERSION = YES;
				CLANG_WARN_OBJC_IMPLICIT_RETAIN_SELF = YES;
				CLANG_WARN_OBJC_LITERAL_CONVERSION = YES;
				CLANG_WARN_OBJC_ROOT_CLASS = YES_ERROR;
				CLANG_WARN_RANGE_LOOP_ANALYSIS = YES;
				CLANG_WARN_STRICT_PROTOTYPES = YES;
				CLANG_WARN_SUSPICIOUS_MOVE = YES;
				CLANG_WARN_UNGUARDED_AVAILABILITY = YES_AGGRESSIVE;
				CLANG_WARN_UNREACHABLE_CODE = YES;
				CLANG_WARN__DUPLICATE_METHOD_MATCH = YES;
				COPY_PHASE_STRIP = NO;
				DEBUG_INFORMATION_FORMAT = "dwarf-with-dsym";
				ENABLE_NS_ASSERTIONS = NO;
				ENABLE_STRICT_OBJC_MSGSEND = YES;
				GCC_C_LANGUAGE_STANDARD = gnu11;
				GCC_NO_COMMON_BLOCKS = YES;
				GCC_WARN_64_TO_32_BIT_CONVERSION = YES;
				GCC_WARN_ABOUT_RETURN_TYPE = YES_ERROR;
				GCC_WARN_UNDECLARED_SELECTOR = YES;
				GCC_WARN_UNINITIALIZED_AUTOS = YES_AGGRESSIVE;
				GCC_WARN_UNUSED_FUNCTION = YES;
				GCC_WARN_UNUSED_VARIABLE = YES;
				IPHONEOS_DEPLOYMENT_TARGET = 9.0;
				MTL_ENABLE_DEBUG_INFO = NO;
				MTL_FAST_MATH = YES;
				SDKROOT = iphoneos;
				VALIDATE_PRODUCT = YES;
			};
			name = Release;
		};
		FBC26AFB23C9CDF900ADFD96 /* Debug */ = {
			isa = XCBuildConfiguration;
			buildSettings = {
				ASSETCATALOG_COMPILER_APPICON_NAME = AppIcon;
				CODE_SIGN_STYLE = Automatic;
				INFOPLIST_FILE = "MVPS-Demo2/Info.plist";
				LD_RUNPATH_SEARCH_PATHS = (
					"$(inherited)",
					"@executable_path/Frameworks",
				);
				PRODUCT_BUNDLE_IDENTIFIER = "com.ping.test.KuaiLePingAn.MVPS-Demo2";
				PRODUCT_NAME = "$(TARGET_NAME)";
				TARGETED_DEVICE_FAMILY = "1,2";
			};
			name = Debug;
		};
		FBC26AFC23C9CDF900ADFD96 /* Release */ = {
			isa = XCBuildConfiguration;
			buildSettings = {
				ASSETCATALOG_COMPILER_APPICON_NAME = AppIcon;
				CODE_SIGN_STYLE = Automatic;
				INFOPLIST_FILE = "MVPS-Demo2/Info.plist";
				LD_RUNPATH_SEARCH_PATHS = (
					"$(inherited)",
					"@executable_path/Frameworks",
				);
				PRODUCT_BUNDLE_IDENTIFIER = "com.ping.test.KuaiLePingAn.MVPS-Demo2";
				PRODUCT_NAME = "$(TARGET_NAME)";
				TARGETED_DEVICE_FAMILY = "1,2";
			};
			name = Release;
		};
/* End XCBuildConfiguration section */

/* Begin XCConfigurationList section */
		FBC26ADC23C9CDF800ADFD96 /* Build configuration list for PBXProject "MVPS-Demo2" */ = {
			isa = XCConfigurationList;
			buildConfigurations = (
				FBC26AF823C9CDF900ADFD96 /* Debug */,
				FBC26AF923C9CDF900ADFD96 /* Release */,
			);
			defaultConfigurationIsVisible = 0;
			defaultConfigurationName = Release;
		};
		FBC26AFA23C9CDF900ADFD96 /* Build configuration list for PBXNativeTarget "MVPS-Demo2" */ = {
			isa = XCConfigurationList;
			buildConfigurations = (
				FBC26AFB23C9CDF900ADFD96 /* Debug */,
				FBC26AFC23C9CDF900ADFD96 /* Release */,
			);
			defaultConfigurationIsVisible = 0;
			defaultConfigurationName = Release;
		};
/* End XCConfigurationList section */
	};
	rootObject = FBC26AD923C9CDF800ADFD96 /* Project object */;
}
